{
  "version": 4,
  "terraform_version": "0.14.7",
  "serial": 117,
  "lineage": "a206daad-d981-4b14-7ed5-7dc587933419",
  "outputs": {},
  "resources": [
    {
      "mode": "managed",
      "type": "google_compute_instance",
      "name": "docker",
      "provider": "provider[\"registry.terraform.io/hashicorp/google\"]",
      "instances": [
        {
          "status": "tainted",
          "schema_version": 6,
          "attributes": {
            "allow_stopping_for_update": null,
            "attached_disk": [],
            "boot_disk": [
              {
                "auto_delete": true,
                "device_name": "persistent-disk-0",
                "disk_encryption_key_raw": "",
                "disk_encryption_key_sha256": "",
                "initialize_params": [
                  {
                    "image": "https://www.googleapis.com/compute/v1/projects/ubuntu-os-cloud/global/images/ubuntu-1804-bionic-v20200807",
                    "labels": {},
                    "size": 20,
                    "type": "pd-ssd"
                  }
                ],
                "kms_key_self_link": "",
                "mode": "READ_WRITE",
                "source": "https://www.googleapis.com/compute/v1/projects/kozak-305118/zones/europe-west2-b/disks/docker"
              }
            ],
            "can_ip_forward": false,
            "confidential_instance_config": [],
            "cpu_platform": "Intel Broadwell",
            "current_status": "RUNNING",
            "deletion_protection": false,
            "description": "",
            "desired_status": null,
            "enable_display": false,
            "guest_accelerator": [],
            "hostname": "",
            "id": "projects/kozak-305118/zones/europe-west2-b/instances/docker",
            "instance_id": "933587518097264547",
            "label_fingerprint": "42WmSpB8rSM=",
            "labels": null,
            "machine_type": "g1-small",
            "metadata": {
              "ssh-keys": "agcossack:ssh-rsa AAAAB3NzaC1yc2EAAAADAQABAAACAQDQM/4q90e4+rjzA6Q3RXAFc7G50j/y8wkFm1F2nz9ARomz/Cm5at9Xr1isA8tgfzeOS0agTb4VlLteWKItiQ1NIKla5rnC+D25jEK/D4tguPigY6xJ/ESzj1e5k2+0ubrrpRFmT0u99dFeGHUjHGq98hu6+yNos8cS7rP+bG1c2t3XAdZ8kR1j1bClmRlu6+6EW3DfR6jpenDj7kUbjixUNCnz5+cMAO7DM4Uunz4KZsq4gZCosqt4h6490UnjGAFoquvjcmNmBWsCnS/OiqWY9C1ebpTM2pkOzDNbL2mSrAPXFi4L6nYztd2J3nURtsBnytLZ3zRGen4hakhVj20YMsbVjIWd9fLc0RrP1S5AFX2SF1ACR2RtVCkZar6OoZYTdjx3CtUoDABcTZE9fswnaXlilfD4aEQ6cjpRy7VlbJLFvUZ/6QcbGiKXR1koCimxSv6Q6wi9S5McFqL9RKYUGhVScA+Plv7RrI9Frr0tUYOpwstuq8XoxA5oC32LVb/kFG1n9uhW0rLw1gI3fDPsVJ6YmJ7FiRiz0w6WeINuLXh5c7jr2Sirn+dpVtjLguRwEdTLDQ54tysBZkYsMamrMlDqHD0T3JMj/Vb3XsGeX/QzW43MfWy9heIsBCiwQwlzjDe3Sd/zryAQWwpt38o61As3oPeb84Aoen2UaUtIZw== agcossack@gmail.com"
            },
            "metadata_fingerprint": "hbJcwhJ6Dl8=",
            "metadata_startup_script": "",
            "min_cpu_platform": "",
            "name": "docker",
            "network_interface": [
              {
                "access_config": [
                  {
                    "nat_ip": "35.230.158.162",
                    "network_tier": "PREMIUM",
                    "public_ptr_domain_name": ""
                  }
                ],
                "alias_ip_range": [],
                "name": "nic0",
                "network": "https://www.googleapis.com/compute/v1/projects/kozak-305118/global/networks/default",
                "network_ip": "10.154.0.43",
                "subnetwork": "https://www.googleapis.com/compute/v1/projects/kozak-305118/regions/europe-west2/subnetworks/default",
                "subnetwork_project": "kozak-305118"
              }
            ],
            "project": "kozak-305118",
            "resource_policies": null,
            "scheduling": [
              {
                "automatic_restart": true,
                "node_affinities": [],
                "on_host_maintenance": "MIGRATE",
                "preemptible": false
              }
            ],
            "scratch_disk": [],
            "self_link": "https://www.googleapis.com/compute/v1/projects/kozak-305118/zones/europe-west2-b/instances/docker",
            "service_account": [],
            "shielded_instance_config": [
              {
                "enable_integrity_monitoring": true,
                "enable_secure_boot": false,
                "enable_vtpm": true
              }
            ],
            "tags": null,
            "tags_fingerprint": "42WmSpB8rSM=",
            "timeouts": null,
            "zone": "europe-west2-b"
          },
          "sensitive_attributes": [],
          "private": "eyJlMmJmYjczMC1lY2FhLTExZTYtOGY4OC0zNDM2M2JjN2M0YzAiOnsiY3JlYXRlIjoxMjAwMDAwMDAwMDAwLCJkZWxldGUiOjEyMDAwMDAwMDAwMDAsInVwZGF0ZSI6MTIwMDAwMDAwMDAwMH0sInNjaGVtYV92ZXJzaW9uIjoiNiJ9"
        }
      ]
    }
  ]
}
